
Microsoft Visual Studio Solution File, Format Version 12.00
# Visual Studio Version 17
VisualStudioVersion = 17.5.33530.505
MinimumVisualStudioVersion = 10.0.40219.1
Project("{FAE04EC0-301F-11D3-BF4B-00C04F79EFBC}") = "Magic Villa", "Magic Villa\Magic Villa.csproj", "{D886190D-D18D-4B3D-BC13-F5632ACCE274}"
EndProject
Global
	GlobalSection(SolutionConfigurationPlatforms) = preSolution
		Debug|Any CPU = Debug|Any CPU
		Release|Any CPU = Release|Any CPU
	EndGlobalSection
	GlobalSection(ProjectConfigurationPlatforms) = postSolution
		{D886190D-D18D-4B3D-BC13-F5632ACCE274}.Debug|Any CPU.ActiveCfg = Debug|Any CPU
		{D886190D-D18D-4B3D-BC13-F5632ACCE274}.Debug|Any CPU.Build.0 = Debug|Any CPU
		{D886190D-D18D-4B3D-BC13-F5632ACCE274}.Release|Any CPU.ActiveCfg = Release|Any CPU
		{D886190D-D18D-4B3D-BC13-F5632ACCE274}.Release|Any CPU.Build.0 = Release|Any CPU
	EndGlobalSection
	GlobalSection(SolutionProperties) = preSolution
		HideSolutionNode = FALSE
	EndGlobalSection
	GlobalSection(ExtensibilityGlobals) = postSolution
		SolutionGuid = {ECA7DF8D-C4CD-4619-AE1C-6EF536A6FE1E}
	EndGlobalSection
EndGlobal
